
Microsoft Visual Studio Solution File, Format Version 12.00
# Visual Studio Version 16
VisualStudioVersion = 16.0.31424.327
MinimumVisualStudioVersion = 10.0.40219.1
Project("{FAE04EC0-301F-11D3-BF4B-00C04F79EFBC}") = "AsyncFundamentals", "AsyncFundamentals\AsyncFundamentals.csproj", "{D774691D-E342-4ED2-AA32-92A1237468A8}"
EndProject
Global
	GlobalSection(SolutionConfigurationPlatforms) = preSolution
		Debug|Any CPU = Debug|Any CPU
		Release|Any CPU = Release|Any CPU
	EndGlobalSection
	GlobalSection(ProjectConfigurationPlatforms) = postSolution
		{D774691D-E342-4ED2-AA32-92A1237468A8}.Debug|Any CPU.ActiveCfg = Debug|Any CPU
		{D774691D-E342-4ED2-AA32-92A1237468A8}.Debug|Any CPU.Build.0 = Debug|Any CPU
		{D774691D-E342-4ED2-AA32-92A1237468A8}.Release|Any CPU.ActiveCfg = Release|Any CPU
		{D774691D-E342-4ED2-AA32-92A1237468A8}.Release|Any CPU.Build.0 = Release|Any CPU
	EndGlobalSection
	GlobalSection(SolutionProperties) = preSolution
		HideSolutionNode = FALSE
	EndGlobalSection
	GlobalSection(ExtensibilityGlobals) = postSolution
		SolutionGuid = {717808E3-8C95-46A6-8216-2013D2BF9F8F}
	EndGlobalSection
EndGlobal
